
Microsoft Visual Studio Solution File, Format Version 12.00
# Visual Studio 14
VisualStudioVersion = 14.0.25420.1
MinimumVisualStudioVersion = 10.0.40219.1
Project("{FAE04EC0-301F-11D3-BF4B-00C04F79EFBC}") = "SimplestCalculator", "SimplestCalculator\SimplestCalculator\SimplestCalculator.csproj", "{5AAEC8EB-ECE1-4B80-AF1D-93FF739C742D}"
EndProject
Project("{FAE04EC0-301F-11D3-BF4B-00C04F79EFBC}") = "SimplestCalculator.Droid", "SimplestCalculator\SimplestCalculator.Droid\SimplestCalculator.Droid.csproj", "{2C52C499-6B54-4CD1-B26F-EB220EEF3EA7}"
EndProject
Project("{FAE04EC0-301F-11D3-BF4B-00C04F79EFBC}") = "SimplestCalculator.iOS", "SimplestCalculator\SimplestCalculator.iOS\SimplestCalculator.iOS.csproj", "{115F56E6-8C52-4C14-9887-89DF4D304421}"
EndProject
Global
	GlobalSection(SolutionConfigurationPlatforms) = preSolution
		Ad-Hoc|Any CPU = Ad-Hoc|Any CPU
		Ad-Hoc|iPhone = Ad-Hoc|iPhone
		Ad-Hoc|iPhoneSimulator = Ad-Hoc|iPhoneSimulator
		AppStore|Any CPU = AppStore|Any CPU
		AppStore|iPhone = AppStore|iPhone
		AppStore|iPhoneSimulator = AppStore|iPhoneSimulator
		Debug|Any CPU = Debug|Any CPU
		Debug|iPhone = Debug|iPhone
		Debug|iPhoneSimulator = Debug|iPhoneSimulator
		Release|Any CPU = Release|Any CPU
		Release|iPhone = Release|iPhone
		Release|iPhoneSimulator = Release|iPhoneSimulator
	EndGlobalSection
	GlobalSection(ProjectConfigurationPlatforms) = postSolution
		{5AAEC8EB-ECE1-4B80-AF1D-93FF739C742D}.Ad-Hoc|Any CPU.ActiveCfg = Release|Any CPU
		{5AAEC8EB-ECE1-4B80-AF1D-93FF739C742D}.Ad-Hoc|Any CPU.Build.0 = Release|Any CPU
		{5AAEC8EB-ECE1-4B80-AF1D-93FF739C742D}.Ad-Hoc|iPhone.ActiveCfg = Release|Any CPU
		{5AAEC8EB-ECE1-4B80-AF1D-93FF739C742D}.Ad-Hoc|iPhone.Build.0 = Release|Any CPU
		{5AAEC8EB-ECE1-4B80-AF1D-93FF739C742D}.Ad-Hoc|iPhoneSimulator.ActiveCfg = Release|Any CPU
		{5AAEC8EB-ECE1-4B80-AF1D-93FF739C742D}.Ad-Hoc|iPhoneSimulator.Build.0 = Release|Any CPU
		{5AAEC8EB-ECE1-4B80-AF1D-93FF739C742D}.AppStore|Any CPU.ActiveCfg = Release|Any CPU
		{5AAEC8EB-ECE1-4B80-AF1D-93FF739C742D}.AppStore|Any CPU.Build.0 = Release|Any CPU
		{5AAEC8EB-ECE1-4B80-AF1D-93FF739C742D}.AppStore|iPhone.ActiveCfg = Release|Any CPU
		{5AAEC8EB-ECE1-4B80-AF1D-93FF739C742D}.AppStore|iPhone.Build.0 = Release|Any CPU
		{5AAEC8EB-ECE1-4B80-AF1D-93FF739C742D}.AppStore|iPhoneSimulator.ActiveCfg = Release|Any CPU
		{5AAEC8EB-ECE1-4B80-AF1D-93FF739C742D}.AppStore|iPhoneSimulator.Build.0 = Release|Any CPU
		{5AAEC8EB-ECE1-4B80-AF1D-93FF739C742D}.Debug|Any CPU.ActiveCfg = Debug|Any CPU
		{5AAEC8EB-ECE1-4B80-AF1D-93FF739C742D}.Debug|Any CPU.Build.0 = Debug|Any CPU
		{5AAEC8EB-ECE1-4B80-AF1D-93FF739C742D}.Debug|iPhone.ActiveCfg = Debug|Any CPU
		{5AAEC8EB-ECE1-4B80-AF1D-93FF739C742D}.Debug|iPhone.Build.0 = Debug|Any CPU
		{5AAEC8EB-ECE1-4B80-AF1D-93FF739C742D}.Debug|iPhoneSimulator.ActiveCfg = Debug|Any CPU
		{5AAEC8EB-ECE1-4B80-AF1D-93FF739C742D}.Debug|iPhoneSimulator.Build.0 = Debug|Any CPU
		{5AAEC8EB-ECE1-4B80-AF1D-93FF739C742D}.Release|Any CPU.ActiveCfg = Release|Any CPU
		{5AAEC8EB-ECE1-4B80-AF1D-93FF739C742D}.Release|Any CPU.Build.0 = Release|Any CPU
		{5AAEC8EB-ECE1-4B80-AF1D-93FF739C742D}.Release|iPhone.ActiveCfg = Release|Any CPU
		{5AAEC8EB-ECE1-4B80-AF1D-93FF739C742D}.Release|iPhone.Build.0 = Release|Any CPU
		{5AAEC8EB-ECE1-4B80-AF1D-93FF739C742D}.Release|iPhoneSimulator.ActiveCfg = Release|Any CPU
		{5AAEC8EB-ECE1-4B80-AF1D-93FF739C742D}.Release|iPhoneSimulator.Build.0 = Release|Any CPU
		{2C52C499-6B54-4CD1-B26F-EB220EEF3EA7}.Ad-Hoc|Any CPU.ActiveCfg = Release|Any CPU
		{2C52C499-6B54-4CD1-B26F-EB220EEF3EA7}.Ad-Hoc|Any CPU.Build.0 = Release|Any CPU
		{2C52C499-6B54-4CD1-B26F-EB220EEF3EA7}.Ad-Hoc|Any CPU.Deploy.0 = Release|Any CPU
		{2C52C499-6B54-4CD1-B26F-EB220EEF3EA7}.Ad-Hoc|iPhone.ActiveCfg = Release|Any CPU
		{2C52C499-6B54-4CD1-B26F-EB220EEF3EA7}.Ad-Hoc|iPhone.Build.0 = Release|Any CPU
		{2C52C499-6B54-4CD1-B26F-EB220EEF3EA7}.Ad-Hoc|iPhone.Deploy.0 = Release|Any CPU
		{2C52C499-6B54-4CD1-B26F-EB220EEF3EA7}.Ad-Hoc|iPhoneSimulator.ActiveCfg = Release|Any CPU
		{2C52C499-6B54-4CD1-B26F-EB220EEF3EA7}.Ad-Hoc|iPhoneSimulator.Build.0 = Release|Any CPU
		{2C52C499-6B54-4CD1-B26F-EB220EEF3EA7}.Ad-Hoc|iPhoneSimulator.Deploy.0 = Release|Any CPU
		{2C52C499-6B54-4CD1-B26F-EB220EEF3EA7}.AppStore|Any CPU.ActiveCfg = Release|Any CPU
		{2C52C499-6B54-4CD1-B26F-EB220EEF3EA7}.AppStore|Any CPU.Build.0 = Release|Any CPU
		{2C52C499-6B54-4CD1-B26F-EB220EEF3EA7}.AppStore|Any CPU.Deploy.0 = Release|Any CPU
		{2C52C499-6B54-4CD1-B26F-EB220EEF3EA7}.AppStore|iPhone.ActiveCfg = Release|Any CPU
		{2C52C499-6B54-4CD1-B26F-EB220EEF3EA7}.AppStore|iPhone.Build.0 = Release|Any CPU
		{2C52C499-6B54-4CD1-B26F-EB220EEF3EA7}.AppStore|iPhone.Deploy.0 = Release|Any CPU
		{2C52C499-6B54-4CD1-B26F-EB220EEF3EA7}.AppStore|iPhoneSimulator.ActiveCfg = Release|Any CPU
		{2C52C499-6B54-4CD1-B26F-EB220EEF3EA7}.AppStore|iPhoneSimulator.Build.0 = Release|Any CPU
		{2C52C499-6B54-4CD1-B26F-EB220EEF3EA7}.AppStore|iPhoneSimulator.Deploy.0 = Release|Any CPU
		{2C52C499-6B54-4CD1-B26F-EB220EEF3EA7}.Debug|Any CPU.ActiveCfg = Debug|Any CPU
		{2C52C499-6B54-4CD1-B26F-EB220EEF3EA7}.Debug|Any CPU.Build.0 = Debug|Any CPU
		{2C52C499-6B54-4CD1-B26F-EB220EEF3EA7}.Debug|Any CPU.Deploy.0 = Debug|Any CPU
		{2C52C499-6B54-4CD1-B26F-EB220EEF3EA7}.Debug|iPhone.ActiveCfg = Debug|Any CPU
		{2C52C499-6B54-4CD1-B26F-EB220EEF3EA7}.Debug|iPhone.Build.0 = Debug|Any CPU
		{2C52C499-6B54-4CD1-B26F-EB220EEF3EA7}.Debug|iPhone.Deploy.0 = Debug|Any CPU
		{2C52C499-6B54-4CD1-B26F-EB220EEF3EA7}.Debug|iPhoneSimulator.ActiveCfg = Debug|Any CPU
		{2C52C499-6B54-4CD1-B26F-EB220EEF3EA7}.Debug|iPhoneSimulator.Build.0 = Debug|Any CPU
		{2C52C499-6B54-4CD1-B26F-EB220EEF3EA7}.Debug|iPhoneSimulator.Deploy.0 = Debug|Any CPU
		{2C52C499-6B54-4CD1-B26F-EB220EEF3EA7}.Release|Any CPU.ActiveCfg = Release|Any CPU
		{2C52C499-6B54-4CD1-B26F-EB220EEF3EA7}.Release|Any CPU.Build.0 = Release|Any CPU
		{2C52C499-6B54-4CD1-B26F-EB220EEF3EA7}.Release|Any CPU.Deploy.0 = Release|Any CPU
		{2C52C499-6B54-4CD1-B26F-EB220EEF3EA7}.Release|iPhone.ActiveCfg = Release|Any CPU
		{2C52C499-6B54-4CD1-B26F-EB220EEF3EA7}.Release|iPhone.Build.0 = Release|Any CPU
		{2C52C499-6B54-4CD1-B26F-EB220EEF3EA7}.Release|iPhone.Deploy.0 = Release|Any CPU
		{2C52C499-6B54-4CD1-B26F-EB220EEF3EA7}.Release|iPhoneSimulator.ActiveCfg = Release|Any CPU
		{2C52C499-6B54-4CD1-B26F-EB220EEF3EA7}.Release|iPhoneSimulator.Build.0 = Release|Any CPU
		{2C52C499-6B54-4CD1-B26F-EB220EEF3EA7}.Release|iPhoneSimulator.Deploy.0 = Release|Any CPU
		{115F56E6-8C52-4C14-9887-89DF4D304421}.Ad-Hoc|Any CPU.ActiveCfg = Ad-Hoc|iPhone
		{115F56E6-8C52-4C14-9887-89DF4D304421}.Ad-Hoc|iPhone.ActiveCfg = Ad-Hoc|iPhone
		{115F56E6-8C52-4C14-9887-89DF4D304421}.Ad-Hoc|iPhone.Build.0 = Ad-Hoc|iPhone
		{115F56E6-8C52-4C14-9887-89DF4D304421}.Ad-Hoc|iPhoneSimulator.ActiveCfg = Ad-Hoc|iPhoneSimulator
		{115F56E6-8C52-4C14-9887-89DF4D304421}.Ad-Hoc|iPhoneSimulator.Build.0 = Ad-Hoc|iPhoneSimulator
		{115F56E6-8C52-4C14-9887-89DF4D304421}.AppStore|Any CPU.ActiveCfg = AppStore|iPhone
		{115F56E6-8C52-4C14-9887-89DF4D304421}.AppStore|iPhone.ActiveCfg = AppStore|iPhone
		{115F56E6-8C52-4C14-9887-89DF4D304421}.AppStore|iPhone.Build.0 = AppStore|iPhone
		{115F56E6-8C52-4C14-9887-89DF4D304421}.AppStore|iPhoneSimulator.ActiveCfg = AppStore|iPhoneSimulator
		{115F56E6-8C52-4C14-9887-89DF4D304421}.AppStore|iPhoneSimulator.Build.0 = AppStore|iPhoneSimulator
		{115F56E6-8C52-4C14-9887-89DF4D304421}.Debug|Any CPU.ActiveCfg = Debug|iPhone
		{115F56E6-8C52-4C14-9887-89DF4D304421}.Debug|iPhone.ActiveCfg = Debug|iPhone
		{115F56E6-8C52-4C14-9887-89DF4D304421}.Debug|iPhone.Build.0 = Debug|iPhone
		{115F56E6-8C52-4C14-9887-89DF4D304421}.Debug|iPhoneSimulator.ActiveCfg = Debug|iPhoneSimulator
		{115F56E6-8C52-4C14-9887-89DF4D304421}.Debug|iPhoneSimulator.Build.0 = Debug|iPhoneSimulator
		{115F56E6-8C52-4C14-9887-89DF4D304421}.Release|Any CPU.ActiveCfg = Release|iPhone
		{115F56E6-8C52-4C14-9887-89DF4D304421}.Release|iPhone.ActiveCfg = Release|iPhone
		{115F56E6-8C52-4C14-9887-89DF4D304421}.Release|iPhone.Build.0 = Release|iPhone
		{115F56E6-8C52-4C14-9887-89DF4D304421}.Release|iPhoneSimulator.ActiveCfg = Release|iPhoneSimulator
		{115F56E6-8C52-4C14-9887-89DF4D304421}.Release|iPhoneSimulator.Build.0 = Release|iPhoneSimulator
	EndGlobalSection
	GlobalSection(SolutionProperties) = preSolution
		HideSolutionNode = FALSE
	EndGlobalSection
EndGlobal
